# This file is automatically @generated by Cargo.
# It is not intended for manual editing.
version = 3

[[package]]
name = "Pktransferenclave"
version = "1.0.0"
dependencies = [
 "base64",
 "http_req",
 "ring",
 "secp256k1-sgx",
 "serde",
 "serde_cbor",
 "serde_derive",
 "serde_json",
 "sgx_tcrypto",
 "sgx_trts",
 "sgx_tseal",
 "sgx_tstd",
 "sgx_types",
]

[[package]]
name = "base64"
version = "0.13.0"
source = "git+https://github.com/mesalock-linux/rust-base64-sgx#dc7389e10817b078f289386b3b6a852ab6c4c021"
dependencies = [
 "sgx_tstd",
]

[[package]]
name = "cc"
version = "1.0.73"
source = "registry+https://github.com/rust-lang/crates.io-index"
checksum = "2fff2a6927b3bb87f9595d67196a70493f627687a71d87a0d692242c33f58c11"

[[package]]
name = "cfg-if"
version = "1.0.0"
source = "registry+https://github.com/rust-lang/crates.io-index"
checksum = "baf1de4339761588bc0619e3cbc0120ee582ebb74b53b4efbf79117bd2da40fd"

[[package]]
name = "half"
version = "1.8.2"
source = "registry+https://github.com/rust-lang/crates.io-index"
checksum = "eabb4a44450da02c90444cf74558da904edde8fb4e9035a9a6a4e15445af0bd7"

[[package]]
name = "hashbrown_tstd"
version = "0.11.2"

[[package]]
name = "http_req"
version = "0.7.2"
source = "git+https://github.com/mesalock-linux/http_req-sgx#5d0f7474c73b70d2dbdda69c1db2a2e31aee6eb8"
dependencies = [
 "rustls",
 "sgx_tstd",
 "unicase",
 "webpki",
 "webpki-roots",
]

[[package]]
name = "itoa"
version = "0.4.5"
source = "git+https://github.com/mesalock-linux/itoa-sgx#295ee451f5ec74f25c299552b481beb445ea3eb7"
dependencies = [
 "sgx_tstd",
]

[[package]]
name = "libc"
version = "0.2.120"
source = "registry+https://github.com/rust-lang/crates.io-index"
checksum = "ad5c14e80759d0939d013e6ca49930e59fc53dd8e5009132f76240c179380c09"

[[package]]
name = "log"
version = "0.4.14"
source = "git+https://github.com/mesalock-linux/log-sgx#2ca9039a9ebba0ed90ed2ad57425917d4b3a2a24"
dependencies = [
 "cfg-if",
 "sgx_tstd",
]

[[package]]
name = "proc-macro2"
version = "1.0.36"
source = "registry+https://github.com/rust-lang/crates.io-index"
checksum = "c7342d5883fbccae1cc37a2353b09c87c9b0f3afd73f5fb9bba687a1f733b029"
dependencies = [
 "unicode-xid",
]

[[package]]
name = "quote"
version = "1.0.15"
source = "registry+https://github.com/rust-lang/crates.io-index"
checksum = "864d3e96a899863136fc6e99f3d7cae289dafe43bf2c5ac19b70df7210c0a145"
dependencies = [
 "proc-macro2",
]

[[package]]
name = "ring"
version = "0.16.19"
source = "git+https://github.com/mesalock-linux/ring-sgx?tag=v0.16.5#844efe271ed78a399d803b2579f5f2424d543c9f"
dependencies = [
 "cc",
 "sgx_tstd",
 "spin",
 "untrusted",
]

[[package]]
name = "rustls"
version = "0.19.0"
source = "git+https://github.com/mesalock-linux/rustls?branch=mesalock_sgx#95b5e79dc24b02f3ce424437eb9698509d0baf58"
dependencies = [
 "base64",
 "log",
 "ring",
 "sct",
 "sgx_tstd",
 "webpki",
]

[[package]]
name = "ryu"
version = "1.0.9"
source = "registry+https://github.com/rust-lang/crates.io-index"
checksum = "73b4b750c782965c211b42f022f59af1fbceabdd026623714f104152f1ec149f"

[[package]]
name = "sct"
version = "0.6.0"
source = "git+https://github.com/mesalock-linux/sct.rs?branch=mesalock_sgx#c4d859cca232e6c9d88ca12048df3bc26e1ed4ad"
dependencies = [
 "ring",
 "sgx_tstd",
 "untrusted",
]

[[package]]
name = "secp256k1-sgx"
version = "0.1.0"
source = "git+https://github.com/njeans/rust-secp256k1-sgx.git#686f6f0037058cc9c4c194b4c0fb126a074762ed"
dependencies = [
 "cc",
 "libc",
 "sgx_tstd",
]

[[package]]
name = "serde"
version = "1.0.118"
source = "git+https://github.com/mesalock-linux/serde-sgx#db0226f1d5d70fca6b96af2c285851502204e21c"
dependencies = [
 "sgx_tstd",
]

[[package]]
name = "serde_cbor"
version = "0.11.1"
source = "git+https://github.com/mesalock-linux/cbor-sgx#64211d5d095bc0e39259de45f6e88f78d8de77fb"
dependencies = [
 "half",
 "serde",
 "sgx_tstd",
]

[[package]]
name = "serde_derive"
version = "1.0.118"
source = "git+https://github.com/mesalock-linux/serde-sgx#db0226f1d5d70fca6b96af2c285851502204e21c"
dependencies = [
 "proc-macro2",
 "quote",
 "syn",
]

[[package]]
name = "serde_json"
version = "1.0.60"
source = "git+https://github.com/mesalock-linux/serde-json-sgx#380893814ad2a057758d825bab798aa117f7362a"
dependencies = [
 "itoa",
 "ryu",
 "serde",
 "sgx_tstd",
]

[[package]]
name = "sgx_alloc"
version = "1.1.4"

[[package]]
name = "sgx_backtrace_sys"
version = "1.1.4"
dependencies = [
 "cc",
 "sgx_build_helper",
 "sgx_libc",
]

[[package]]
name = "sgx_build_helper"
version = "1.1.4"

[[package]]
name = "sgx_demangle"
version = "1.1.4"

[[package]]
name = "sgx_libc"
version = "1.1.4"
dependencies = [
 "sgx_types",
]

[[package]]
name = "sgx_tcrypto"
version = "1.1.4"
dependencies = [
 "sgx_types",
]

[[package]]
name = "sgx_tprotected_fs"
version = "1.1.4"
dependencies = [
 "sgx_trts",
 "sgx_types",
]

[[package]]
name = "sgx_trts"
version = "1.1.4"
dependencies = [
 "sgx_libc",
 "sgx_types",
]

[[package]]
name = "sgx_tse"
version = "1.1.4"
dependencies = [
 "sgx_types",
]

[[package]]
name = "sgx_tseal"
version = "1.1.4"
dependencies = [
 "sgx_tcrypto",
 "sgx_trts",
 "sgx_tse",
 "sgx_types",
]

[[package]]
name = "sgx_tstd"
version = "1.1.4"
dependencies = [
 "hashbrown_tstd",
 "sgx_alloc",
 "sgx_backtrace_sys",
 "sgx_demangle",
 "sgx_libc",
 "sgx_tprotected_fs",
 "sgx_trts",
 "sgx_types",
 "sgx_unwind",
]

[[package]]
name = "sgx_types"
version = "1.1.4"

[[package]]
name = "sgx_unwind"
version = "1.1.4"
dependencies = [
 "sgx_build_helper",
]

[[package]]
name = "spin"
version = "0.5.2"
source = "registry+https://github.com/rust-lang/crates.io-index"
checksum = "6e63cff320ae2c57904679ba7cb63280a3dc4613885beafb148ee7bf9aa9042d"

[[package]]
name = "syn"
version = "1.0.86"
source = "registry+https://github.com/rust-lang/crates.io-index"
checksum = "8a65b3f4ffa0092e9887669db0eae07941f023991ab58ea44da8fe8e2d511c6b"
dependencies = [
 "proc-macro2",
 "quote",
 "unicode-xid",
]

[[package]]
name = "unicase"
version = "2.6.0"
source = "git+https://github.com/mesalock-linux/unicase-sgx#0b0519348572927118af47af3da4da9ffdca8ec6"
dependencies = [
 "sgx_tstd",
 "version_check",
]

[[package]]
name = "unicode-xid"
version = "0.2.2"
source = "registry+https://github.com/rust-lang/crates.io-index"
checksum = "8ccb82d61f80a663efe1f787a51b16b5a51e3314d6ac365b08639f52387b33f3"

[[package]]
name = "untrusted"
version = "0.7.1"
source = "registry+https://github.com/rust-lang/crates.io-index"
checksum = "a156c684c91ea7d62626509bce3cb4e1d9ed5c4d978f7b4352658f96a4c26b4a"

[[package]]
name = "version_check"
version = "0.9.4"
source = "registry+https://github.com/rust-lang/crates.io-index"
checksum = "49874b5167b65d7193b8aba1567f5c7d93d001cafc34600cee003eda787e483f"

[[package]]
name = "webpki"
version = "0.21.4"
source = "git+https://github.com/mesalock-linux/webpki?branch=mesalock_sgx#8dbe6fbeefadf05582ae47c7fa818b04db49c61e"
dependencies = [
 "ring",
 "sgx_tstd",
 "untrusted",
]

[[package]]
name = "webpki-roots"
version = "0.21.0"
source = "git+https://github.com/mesalock-linux/webpki-roots?branch=mesalock_sgx#6ff3be547ac13ccd46ae55605ad6506ce30688ef"
dependencies = [
 "sgx_tstd",
 "webpki",
]

[[patch.unused]]
name = "sgx_cov"
version = "1.1.4"

[[patch.unused]]
name = "sgx_crypto_helper"
version = "1.1.4"

[[patch.unused]]
name = "sgx_rand"
version = "1.1.4"

[[patch.unused]]
name = "sgx_rand_derive"
version = "1.1.4"

[[patch.unused]]
name = "sgx_serialize"
version = "1.1.4"

[[patch.unused]]
name = "sgx_serialize_derive"
version = "1.1.4"

[[patch.unused]]
name = "sgx_serialize_derive_internals"
version = "1.1.4"

[[patch.unused]]
name = "sgx_tcrypto_helper"
version = "1.1.4"

[[patch.unused]]
name = "sgx_tdh"
version = "1.1.4"

[[patch.unused]]
name = "sgx_tkey_exchange"
version = "1.1.4"

[[patch.unused]]
name = "sgx_tunittest"
version = "1.1.4"

[[patch.unused]]
name = "sgx_ucrypto"
version = "1.1.4"

[[patch.unused]]
name = "sgx_urts"
version = "1.1.4"
